// !$*UTF8*$!
{
	archiveVersion = 1;
	classes = {
	};
	objectVersion = 50;
	objects = {

/* Begin PBXBuildFile section */
		9D47924C219F1D3200FFFFB1 /* CoreDataPokemon.swift in Sources */ = {isa = PBXBuildFile; fileRef = 9D47924B219F1D3200FFFFB1 /* CoreDataPokemon.swift */; };
		9D47924E219F3D5F00FFFFB1 /* PokemonAnnotation.swift in Sources */ = {isa = PBXBuildFile; fileRef = 9D47924D219F3D5F00FFFFB1 /* PokemonAnnotation.swift */; };
		9DAB5EF0219B4FCB00CF734B /* AppDelegate.swift in Sources */ = {isa = PBXBuildFile; fileRef = 9DAB5EEF219B4FCB00CF734B /* AppDelegate.swift */; };
		9DAB5EF2219B4FCB00CF734B /* ViewController.swift in Sources */ = {isa = PBXBuildFile; fileRef = 9DAB5EF1219B4FCB00CF734B /* ViewController.swift */; };
		9DAB5EF5219B4FCB00CF734B /* Main.storyboard in Resources */ = {isa = PBXBuildFile; fileRef = 9DAB5EF3219B4FCB00CF734B /* Main.storyboard */; };
		9DAB5EF8219B4FCB00CF734B /* PokemonGO.xcdatamodeld in Sources */ = {isa = PBXBuildFile; fileRef = 9DAB5EF6219B4FCB00CF734B /* PokemonGO.xcdatamodeld */; };
		9DAB5EFA219B4FCC00CF734B /* Assets.xcassets in Resources */ = {isa = PBXBuildFile; fileRef = 9DAB5EF9219B4FCC00CF734B /* Assets.xcassets */; };
		9DAB5EFD219B4FCC00CF734B /* LaunchScreen.storyboard in Resources */ = {isa = PBXBuildFile; fileRef = 9DAB5EFB219B4FCC00CF734B /* LaunchScreen.storyboard */; };
		9DAB5F06219B55EA00CF734B /* MapKit.framework in Frameworks */ = {isa = PBXBuildFile; fileRef = 9DAB5F05219B55EA00CF734B /* MapKit.framework */; };
/* End PBXBuildFile section */

/* Begin PBXFileReference section */
		9D47924B219F1D3200FFFFB1 /* CoreDataPokemon.swift */ = {isa = PBXFileReference; lastKnownFileType = sourcecode.swift; path = CoreDataPokemon.swift; sourceTree = "<group>"; };
		9D47924D219F3D5F00FFFFB1 /* PokemonAnnotation.swift */ = {isa = PBXFileReference; lastKnownFileType = sourcecode.swift; path = PokemonAnnotation.swift; sourceTree = "<group>"; };
		9DAB5EEC219B4FCB00CF734B /* PokemonGO.app */ = {isa = PBXFileReference; explicitFileType = wrapper.application; includeInIndex = 0; path = PokemonGO.app; sourceTree = BUILT_PRODUCTS_DIR; };
		9DAB5EEF219B4FCB00CF734B /* AppDelegate.swift */ = {isa = PBXFileReference; lastKnownFileType = sourcecode.swift; path = AppDelegate.swift; sourceTree = "<group>"; };
		9DAB5EF1219B4FCB00CF734B /* ViewController.swift */ = {isa = PBXFileReference; lastKnownFileType = sourcecode.swift; path = ViewController.swift; sourceTree = "<group>"; };
		9DAB5EF4219B4FCB00CF734B /* Base */ = {isa = PBXFileReference; lastKnownFileType = file.storyboard; name = Base; path = Base.lproj/Main.storyboard; sourceTree = "<group>"; };
		9DAB5EF7219B4FCB00CF734B /* PokemonGO.xcdatamodel */ = {isa = PBXFileReference; lastKnownFileType = wrapper.xcdatamodel; path = PokemonGO.xcdatamodel; sourceTree = "<group>"; };
		9DAB5EF9219B4FCC00CF734B /* Assets.xcassets */ = {isa = PBXFileReference; lastKnownFileType = folder.assetcatalog; path = Assets.xcassets; sourceTree = "<group>"; };
		9DAB5EFC219B4FCC00CF734B /* Base */ = {isa = PBXFileReference; lastKnownFileType = file.storyboard; name = Base; path = Base.lproj/LaunchScreen.storyboard; sourceTree = "<group>"; };
		9DAB5EFE219B4FCC00CF734B /* Info.plist */ = {isa = PBXFileReference; lastKnownFileType = text.plist.xml; path = Info.plist; sourceTree = "<group>"; };
		9DAB5F05219B55EA00CF734B /* MapKit.framework */ = {isa = PBXFileReference; lastKnownFileType = wrapper.framework; name = MapKit.framework; path = System/Library/Frameworks/MapKit.framework; sourceTree = SDKROOT; };
/* End PBXFileReference section */

/* Begin PBXFrameworksBuildPhase section */
		9DAB5EE9219B4FCB00CF734B /* Frameworks */ = {
			isa = PBXFrameworksBuildPhase;
			buildActionMask = 2147483647;
			files = (
				9DAB5F06219B55EA00CF734B /* MapKit.framework in Frameworks */,
			);
			runOnlyForDeploymentPostprocessing = 0;
		};
/* End PBXFrameworksBuildPhase section */

/* Begin PBXGroup section */
		9DAB5EE3219B4FCB00CF734B = {
			isa = PBXGroup;
			children = (
				9DAB5EEE219B4FCB00CF734B /* PokemonGO */,
				9DAB5EED219B4FCB00CF734B /* Products */,
				9DAB5F04219B55EA00CF734B /* Frameworks */,
			);
			sourceTree = "<group>";
		};
		9DAB5EED219B4FCB00CF734B /* Products */ = {
			isa = PBXGroup;
			children = (
				9DAB5EEC219B4FCB00CF734B /* PokemonGO.app */,
			);
			name = Products;
			sourceTree = "<group>";
		};
		9DAB5EEE219B4FCB00CF734B /* PokemonGO */ = {
			isa = PBXGroup;
			children = (
				9DAB5EEF219B4FCB00CF734B /* AppDelegate.swift */,
				9DAB5EF1219B4FCB00CF734B /* ViewController.swift */,
				9DAB5EF3219B4FCB00CF734B /* Main.storyboard */,
				9DAB5EF9219B4FCC00CF734B /* Assets.xcassets */,
				9DAB5EFB219B4FCC00CF734B /* LaunchScreen.storyboard */,
				9DAB5EFE219B4FCC00CF734B /* Info.plist */,
				9DAB5EF6219B4FCB00CF734B /* PokemonGO.xcdatamodeld */,
				9D47924B219F1D3200FFFFB1 /* CoreDataPokemon.swift */,
				9D47924D219F3D5F00FFFFB1 /* PokemonAnnotation.swift */,
			);
			path = PokemonGO;
			sourceTree = "<group>";
		};
		9DAB5F04219B55EA00CF734B /* Frameworks */ = {
			isa = PBXGroup;
			children = (
				9DAB5F05219B55EA00CF734B /* MapKit.framework */,
			);
			name = Frameworks;
			sourceTree = "<group>";
		};
/* End PBXGroup section */

/* Begin PBXNativeTarget section */
		9DAB5EEB219B4FCB00CF734B /* PokemonGO */ = {
			isa = PBXNativeTarget;
			buildConfigurationList = 9DAB5F01219B4FCC00CF734B /* Build configuration list for PBXNativeTarget "PokemonGO" */;
			buildPhases = (
				9DAB5EE8219B4FCB00CF734B /* Sources */,
				9DAB5EE9219B4FCB00CF734B /* Frameworks */,
				9DAB5EEA219B4FCB00CF734B /* Resources */,
			);
			buildRules = (
			);
			dependencies = (
			);
			name = PokemonGO;
			productName = PokemonGO;
			productReference = 9DAB5EEC219B4FCB00CF734B /* PokemonGO.app */;
			productType = "com.apple.product-type.application";
		};
/* End PBXNativeTarget section */

/* Begin PBXProject section */
		9DAB5EE4219B4FCB00CF734B /* Project object */ = {
			isa = PBXProject;
			attributes = {
				LastSwiftUpdateCheck = 1010;
				LastUpgradeCheck = 1010;
				ORGANIZATIONNAME = "Marcos Koch";
				TargetAttributes = {
					9DAB5EEB219B4FCB00CF734B = {
						CreatedOnToolsVersion = 10.1;
					};
				};
			};
			buildConfigurationList = 9DAB5EE7219B4FCB00CF734B /* Build configuration list for PBXProject "PokemonGO" */;
			compatibilityVersion = "Xcode 9.3";
			developmentRegion = en;
			hasScannedForEncodings = 0;
			knownRegions = (
				en,
				Base,
			);
			mainGroup = 9DAB5EE3219B4FCB00CF734B;
			productRefGroup = 9DAB5EED219B4FCB00CF734B /* Products */;
			projectDirPath = "";
			projectRoot = "";
			targets = (
				9DAB5EEB219B4FCB00CF734B /* PokemonGO */,
			);
		};
/* End PBXProject section */

/* Begin PBXResourcesBuildPhase section */
		9DAB5EEA219B4FCB00CF734B /* Resources */ = {
			isa = PBXResourcesBuildPhase;
			buildActionMask = 2147483647;
			files = (
				9DAB5EFD219B4FCC00CF734B /* LaunchScreen.storyboard in Resources */,
				9DAB5EFA219B4FCC00CF734B /* Assets.xcassets in Resources */,
				9DAB5EF5219B4FCB00CF734B /* Main.storyboard in Resources */,
			);
			runOnlyForDeploymentPostprocessing = 0;
		};
/* End PBXResourcesBuildPhase section */

/* Begin PBXSourcesBuildPhase section */
		9DAB5EE8219B4FCB00CF734B /* Sources */ = {
			isa = PBXSourcesBuildPhase;
			buildActionMask = 2147483647;
			files = (
				9D47924C219F1D3200FFFFB1 /* CoreDataPokemon.swift in Sources */,
				9DAB5EF2219B4FCB00CF734B /* ViewController.swift in Sources */,
				9DAB5EF8219B4FCB00CF734B /* PokemonGO.xcdatamodeld in Sources */,
				9D47924E219F3D5F00FFFFB1 /* PokemonAnnotation.swift in Sources */,
				9DAB5EF0219B4FCB00CF734B /* AppDelegate.swift in Sources */,
			);
			runOnlyForDeploymentPostprocessing = 0;
		};
/* End PBXSourcesBuildPhase section */

/* Begin PBXVariantGroup section */
		9DAB5EF3219B4FCB00CF734B /* Main.storyboard */ = {
			isa = PBXVariantGroup;
			children = (
				9DAB5EF4219B4FCB00CF734B /* Base */,
			);
			name = Main.storyboard;
			sourceTree = "<group>";
		};
		9DAB5EFB219B4FCC00CF734B /* LaunchScreen.storyboard */ = {
			isa = PBXVariantGroup;
			children = (
				9DAB5EFC219B4FCC00CF734B /* Base */,
			);
			name = LaunchScreen.storyboard;
			sourceTree = "<group>";
		};
/* End PBXVariantGroup section */

/* Begin XCBuildConfiguration section */
		9DAB5EFF219B4FCC00CF734B /* Debug */ = {
			isa = XCBuildConfiguration;
			buildSettings = {
				ALWAYS_SEARCH_USER_PATHS = NO;
				CLANG_ANALYZER_NONNULL = YES;
				CLANG_ANALYZER_NUMBER_OBJECT_CONVERSION = YES_AGGRESSIVE;
				CLANG_CXX_LANGUAGE_STANDARD = "gnu++14";
				CLANG_CXX_LIBRARY = "libc++";
				CLANG_ENABLE_MODULES = YES;
				CLANG_ENABLE_OBJC_ARC = YES;
				CLANG_ENABLE_OBJC_WEAK = YES;
				CLANG_WARN_BLOCK_CAPTURE_AUTORELEASING = YES;
				CLANG_WARN_BOOL_CONVERSION = YES;
				CLANG_WARN_COMMA = YES;
				CLANG_WARN_CONSTANT_CONVERSION = YES;
				CLANG_WARN_DEPRECATED_OBJC_IMPLEMENTATIONS = YES;
				CLANG_WARN_DIRECT_OBJC_ISA_USAGE = YES_ERROR;
				CLANG_WARN_DOCUMENTATION_COMMENTS = YES;
				CLANG_WARN_EMPTY_BODY = YES;
				CLANG_WARN_ENUM_CONVERSION = YES;
				CLANG_WARN_INFINITE_RECURSION = YES;
				CLANG_WARN_INT_CONVERSION = YES;
				CLANG_WARN_NON_LITERAL_NULL_CONVERSION = YES;
				CLANG_WARN_OBJC_IMPLICIT_RETAIN_SELF = YES;
				CLANG_WARN_OBJC_LITERAL_CONVERSION = YES;
				CLANG_WARN_OBJC_ROOT_CLASS = YES_ERROR;
				CLANG_WARN_RANGE_LOOP_ANALYSIS = YES;
				CLANG_WARN_STRICT_PROTOTYPES = YES;
				CLANG_WARN_SUSPICIOUS_MOVE = YES;
				CLANG_WARN_UNGUARDED_AVAILABILITY = YES_AGGRESSIVE;
				CLANG_WARN_UNREACHABLE_CODE = YES;
				CLANG_WARN__DUPLICATE_METHOD_MATCH = YES;
				CODE_SIGN_IDENTITY = "iPhone Developer";
				COPY_PHASE_STRIP = NO;
				DEBUG_INFORMATION_FORMAT = dwarf;
				ENABLE_STRICT_OBJC_MSGSEND = YES;
				ENABLE_TESTABILITY = YES;
				GCC_C_LANGUAGE_STANDARD = gnu11;
				GCC_DYNAMIC_NO_PIC = NO;
				GCC_NO_COMMON_BLOCKS = YES;
				GCC_OPTIMIZATION_LEVEL = 0;
				GCC_PREPROCESSOR_DEFINITIONS = (
					"DEBUG=1",
					"$(inherited)",
				);
				GCC_WARN_64_TO_32_BIT_CONVERSION = YES;
				GCC_WARN_ABOUT_RETURN_TYPE = YES_ERROR;
				GCC_WARN_UNDECLARED_SELECTOR = YES;
				GCC_WARN_UNINITIALIZED_AUTOS = YES_AGGRESSIVE;
				GCC_WARN_UNUSED_FUNCTION = YES;
				GCC_WARN_UNUSED_VARIABLE = YES;
				IPHONEOS_DEPLOYMENT_TARGET = 12.1;
				MTL_ENABLE_DEBUG_INFO = INCLUDE_SOURCE;
				MTL_FAST_MATH = YES;
				ONLY_ACTIVE_ARCH = YES;
				SDKROOT = iphoneos;
				SWIFT_ACTIVE_COMPILATION_CONDITIONS = DEBUG;
				SWIFT_OPTIMIZATION_LEVEL = "-Onone";
			};
			name = Debug;
		};
		9DAB5F00219B4FCC00CF734B /* Release */ = {
			isa = XCBuildConfiguration;
			buildSettings = {
				ALWAYS_SEARCH_USER_PATHS = NO;
				CLANG_ANALYZER_NONNULL = YES;
				CLANG_ANALYZER_NUMBER_OBJECT_CONVERSION = YES_AGGRESSIVE;
				CLANG_CXX_LANGUAGE_STANDARD = "gnu++14";
				CLANG_CXX_LIBRARY = "libc++";
				CLANG_ENABLE_MODULES = YES;
				CLANG_ENABLE_OBJC_ARC = YES;
				CLANG_ENABLE_OBJC_WEAK = YES;
				CLANG_WARN_BLOCK_CAPTURE_AUTORELEASING = YES;
				CLANG_WARN_BOOL_CONVERSION = YES;
				CLANG_WARN_COMMA = YES;
				CLANG_WARN_CONSTANT_CONVERSION = YES;
				CLANG_WARN_DEPRECATED_OBJC_IMPLEMENTATIONS = YES;
				CLANG_WARN_DIRECT_OBJC_ISA_USAGE = YES_ERROR;
				CLANG_WARN_DOCUMENTATION_COMMENTS = YES;
				CLANG_WARN_EMPTY_BODY = YES;
				CLANG_WARN_ENUM_CONVERSION = YES;
				CLANG_WARN_INFINITE_RECURSION = YES;
				CLANG_WARN_INT_CONVERSION = YES;
				CLANG_WARN_NON_LITERAL_NULL_CONVERSION = YES;
				CLANG_WARN_OBJC_IMPLICIT_RETAIN_SELF = YES;
				CLANG_WARN_OBJC_LITERAL_CONVERSION = YES;
				CLANG_WARN_OBJC_ROOT_CLASS = YES_ERROR;
				CLANG_WARN_RANGE_LOOP_ANALYSIS = YES;
				CLANG_WARN_STRICT_PROTOTYPES = YES;
				CLANG_WARN_SUSPICIOUS_MOVE = YES;
				CLANG_WARN_UNGUARDED_AVAILABILITY = YES_AGGRESSIVE;
				CLANG_WARN_UNREACHABLE_CODE = YES;
				CLANG_WARN__DUPLICATE_METHOD_MATCH = YES;
				CODE_SIGN_IDENTITY = "iPhone Developer";
				COPY_PHASE_STRIP = NO;
				DEBUG_INFORMATION_FORMAT = "dwarf-with-dsym";
				ENABLE_NS_ASSERTIONS = NO;
				ENABLE_STRICT_OBJC_MSGSEND = YES;
				GCC_C_LANGUAGE_STANDARD = gnu11;
				GCC_NO_COMMON_BLOCKS = YES;
				GCC_WARN_64_TO_32_BIT_CONVERSION = YES;
				GCC_WARN_ABOUT_RETURN_TYPE = YES_ERROR;
				GCC_WARN_UNDECLARED_SELECTOR = YES;
				GCC_WARN_UNINITIALIZED_AUTOS = YES_AGGRESSIVE;
				GCC_WARN_UNUSED_FUNCTION = YES;
				GCC_WARN_UNUSED_VARIABLE = YES;
				IPHONEOS_DEPLOYMENT_TARGET = 12.1;
				MTL_ENABLE_DEBUG_INFO = NO;
				MTL_FAST_MATH = YES;
				SDKROOT = iphoneos;
				SWIFT_COMPILATION_MODE = wholemodule;
				SWIFT_OPTIMIZATION_LEVEL = "-O";
				VALIDATE_PRODUCT = YES;
			};
			name = Release;
		};
		9DAB5F02219B4FCC00CF734B /* Debug */ = {
			isa = XCBuildConfiguration;
			buildSettings = {
				ASSETCATALOG_COMPILER_APPICON_NAME = AppIcon;
				CODE_SIGN_STYLE = Automatic;
				DEVELOPMENT_TEAM = 937VY4WKQX;
				INFOPLIST_FILE = PokemonGO/Info.plist;
				LD_RUNPATH_SEARCH_PATHS = (
					"$(inherited)",
					"@executable_path/Frameworks",
				);
				PRODUCT_BUNDLE_IDENTIFIER = com.marcoskoch.PokemonGO;
				PRODUCT_NAME = "$(TARGET_NAME)";
				SWIFT_VERSION = 4.2;
				TARGETED_DEVICE_FAMILY = "1,2";
			};
			name = Debug;
		};
		9DAB5F03219B4FCC00CF734B /* Release */ = {
			isa = XCBuildConfiguration;
			buildSettings = {
				ASSETCATALOG_COMPILER_APPICON_NAME = AppIcon;
				CODE_SIGN_STYLE = Automatic;
				DEVELOPMENT_TEAM = 937VY4WKQX;
				INFOPLIST_FILE = PokemonGO/Info.plist;
				LD_RUNPATH_SEARCH_PATHS = (
					"$(inherited)",
					"@executable_path/Frameworks",
				);
				PRODUCT_BUNDLE_IDENTIFIER = com.marcoskoch.PokemonGO;
				PRODUCT_NAME = "$(TARGET_NAME)";
				SWIFT_VERSION = 4.2;
				TARGETED_DEVICE_FAMILY = "1,2";
			};
			name = Release;
		};
/* End XCBuildConfiguration section */

/* Begin XCConfigurationList section */
		9DAB5EE7219B4FCB00CF734B /* Build configuration list for PBXProject "PokemonGO" */ = {
			isa = XCConfigurationList;
			buildConfigurations = (
				9DAB5EFF219B4FCC00CF734B /* Debug */,
				9DAB5F00219B4FCC00CF734B /* Release */,
			);
			defaultConfigurationIsVisible = 0;
			defaultConfigurationName = Release;
		};
		9DAB5F01219B4FCC00CF734B /* Build configuration list for PBXNativeTarget "PokemonGO" */ = {
			isa = XCConfigurationList;
			buildConfigurations = (
				9DAB5F02219B4FCC00CF734B /* Debug */,
				9DAB5F03219B4FCC00CF734B /* Release */,
			);
			defaultConfigurationIsVisible = 0;
			defaultConfigurationName = Release;
		};
/* End XCConfigurationList section */

/* Begin XCVersionGroup section */
		9DAB5EF6219B4FCB00CF734B /* PokemonGO.xcdatamodeld */ = {
			isa = XCVersionGroup;
			children = (
				9DAB5EF7219B4FCB00CF734B /* PokemonGO.xcdatamodel */,
			);
			currentVersion = 9DAB5EF7219B4FCB00CF734B /* PokemonGO.xcdatamodel */;
			path = PokemonGO.xcdatamodeld;
			sourceTree = "<group>";
			versionGroupType = wrapper.xcdatamodel;
		};
/* End XCVersionGroup section */
	};
	rootObject = 9DAB5EE4219B4FCB00CF734B /* Project object */;
}
